
Microsoft Visual Studio Solution File, Format Version 12.00
# Visual Studio Version 17
VisualStudioVersion = 17.11.35312.102
MinimumVisualStudioVersion = 10.0.40219.1
Project("{FAE04EC0-301F-11D3-BF4B-00C04F79EFBC}") = "MyCoreProject", "MyCoreProject.csproj", "{D7616508-2A73-45C9-A15B-27540AFED6F5}"
EndProject
Global
	GlobalSection(SolutionConfigurationPlatforms) = preSolution
		Debug|Any CPU = Debug|Any CPU
		Release|Any CPU = Release|Any CPU
	EndGlobalSection
	GlobalSection(ProjectConfigurationPlatforms) = postSolution
		{D7616508-2A73-45C9-A15B-27540AFED6F5}.Debug|Any CPU.ActiveCfg = Debug|Any CPU
		{D7616508-2A73-45C9-A15B-27540AFED6F5}.Debug|Any CPU.Build.0 = Debug|Any CPU
		{D7616508-2A73-45C9-A15B-27540AFED6F5}.Release|Any CPU.ActiveCfg = Release|Any CPU
		{D7616508-2A73-45C9-A15B-27540AFED6F5}.Release|Any CPU.Build.0 = Release|Any CPU
	EndGlobalSection
	GlobalSection(SolutionProperties) = preSolution
		HideSolutionNode = FALSE
	EndGlobalSection
	GlobalSection(ExtensibilityGlobals) = postSolution
		SolutionGuid = {E9EDA639-A233-4FB4-91BD-FAEDE0892356}
	EndGlobalSection
EndGlobal
